{
  "name": "cmanga",
  "version": "1.0.0",
  "lockfileVersion": 2,
  "requires": true,
  "packages": {
    "": {
      "name": "cmanga",
      "version": "1.0.0",
      "license": "MIT",
      "dependencies": {
        "@fortawesome/fontawesome-free": "^6.5.1"
      },
      "devDependencies": {
        "eslint": "^8.57.0",
        "eslint-config-prettier": "^9.1.0",
        "eslint-plugin-prettier": "^5.1.3",
        "prettier": "^3.2.5",
        "postcss": "^8.4.35",
        "postcss-cli": "^11.0.0",
        "autoprefixer": "^10.4.17",
        "cssnano": "^6.0.3",
        "terser": "^5.28.1",
        "live-server": "^1.2.2",
        "http-server": "^14.1.1"
      },
      "engines": {
        "node": ">=16.0.0",
        "npm": ">=8.0.0"
      }
    }
  }
}